
Microsoft Visual Studio Solution File, Format Version 12.00
# Visual Studio 15
VisualStudioVersion = 15.0.27428.2015
MinimumVisualStudioVersion = 10.0.40219.1
Project("{FAE04EC0-301F-11D3-BF4B-00C04F79EFBC}") = "MDToPPTXSample", "MDToPPTXSample\MDToPPTXSample.csproj", "{40785E78-C466-4359-BA83-B1136921FEE8}"
EndProject
Project("{FAE04EC0-301F-11D3-BF4B-00C04F79EFBC}") = "MDToPPTX", "MDToPPTX\MDToPPTX.csproj", "{CE52E01F-0875-4A5C-9084-6112B0192223}"
EndProject
Global
	GlobalSection(SolutionConfigurationPlatforms) = preSolution
		Debug|Any CPU = Debug|Any CPU
		Release|Any CPU = Release|Any CPU
	EndGlobalSection
	GlobalSection(ProjectConfigurationPlatforms) = postSolution
		{40785E78-C466-4359-BA83-B1136921FEE8}.Debug|Any CPU.ActiveCfg = Debug|Any CPU
		{40785E78-C466-4359-BA83-B1136921FEE8}.Debug|Any CPU.Build.0 = Debug|Any CPU
		{40785E78-C466-4359-BA83-B1136921FEE8}.Release|Any CPU.ActiveCfg = Release|Any CPU
		{40785E78-C466-4359-BA83-B1136921FEE8}.Release|Any CPU.Build.0 = Release|Any CPU
		{CE52E01F-0875-4A5C-9084-6112B0192223}.Debug|Any CPU.ActiveCfg = Debug|Any CPU
		{CE52E01F-0875-4A5C-9084-6112B0192223}.Debug|Any CPU.Build.0 = Debug|Any CPU
		{CE52E01F-0875-4A5C-9084-6112B0192223}.Release|Any CPU.ActiveCfg = Release|Any CPU
		{CE52E01F-0875-4A5C-9084-6112B0192223}.Release|Any CPU.Build.0 = Release|Any CPU
	EndGlobalSection
	GlobalSection(SolutionProperties) = preSolution
		HideSolutionNode = FALSE
	EndGlobalSection
	GlobalSection(ExtensibilityGlobals) = postSolution
		SolutionGuid = {7FDF8D69-2965-4AEC-BEA2-7EF99460E43B}
	EndGlobalSection
EndGlobal
